// !$*UTF8*$!
{
	archiveVersion = 1;
	classes = {
	};
	objectVersion = 48;
	objects = {

/* Begin PBXBuildFile section */
		3C7547DA87FE2E3F37865CFD /* libPods-PDBarrageUITests.a in Frameworks */ = {isa = PBXBuildFile; fileRef = 0F176396A44AC3F52EF1E1AE /* libPods-PDBarrageUITests.a */; };
		A180DB8159338BAEFA72D473 /* libPods-PDBarrage.a in Frameworks */ = {isa = PBXBuildFile; fileRef = F5D54958BC6694682EEBDA82 /* libPods-PDBarrage.a */; };
		DD275B592408D51A00F51E89 /* CADisplayLink+PDAdd.m in Sources */ = {isa = PBXBuildFile; fileRef = DD275B582408D51A00F51E89 /* CADisplayLink+PDAdd.m */; };
		DD275B5C2408E29D00F51E89 /* PDDanmakuController.m in Sources */ = {isa = PBXBuildFile; fileRef = DD275B5B2408E29D00F51E89 /* PDDanmakuController.m */; };
		DD275B5F2408E30400F51E89 /* PDDanmakuItemCell.m in Sources */ = {isa = PBXBuildFile; fileRef = DD275B5E2408E30400F51E89 /* PDDanmakuItemCell.m */; };
		DD275B632408E92600F51E89 /* PDDanmakuBeltView.m in Sources */ = {isa = PBXBuildFile; fileRef = DD275B622408E92600F51E89 /* PDDanmakuBeltView.m */; };
		DD275B662408EBA400F51E89 /* PDDanmakuItemQueue.m in Sources */ = {isa = PBXBuildFile; fileRef = DD275B652408EBA400F51E89 /* PDDanmakuItemQueue.m */; };
		ECC8F307203FC14D00D7C1CA /* AppDelegate.m in Sources */ = {isa = PBXBuildFile; fileRef = ECC8F306203FC14D00D7C1CA /* AppDelegate.m */; };
		ECC8F30A203FC14D00D7C1CA /* ViewController.m in Sources */ = {isa = PBXBuildFile; fileRef = ECC8F309203FC14D00D7C1CA /* ViewController.m */; };
		ECC8F30D203FC14D00D7C1CA /* Main.storyboard in Resources */ = {isa = PBXBuildFile; fileRef = ECC8F30B203FC14D00D7C1CA /* Main.storyboard */; };
		ECC8F30F203FC14D00D7C1CA /* Assets.xcassets in Resources */ = {isa = PBXBuildFile; fileRef = ECC8F30E203FC14D00D7C1CA /* Assets.xcassets */; };
		ECC8F312203FC14D00D7C1CA /* LaunchScreen.storyboard in Resources */ = {isa = PBXBuildFile; fileRef = ECC8F310203FC14D00D7C1CA /* LaunchScreen.storyboard */; };
		ECC8F315203FC14D00D7C1CA /* main.m in Sources */ = {isa = PBXBuildFile; fileRef = ECC8F314203FC14D00D7C1CA /* main.m */; };
		ECC8F31F203FC14D00D7C1CA /* PDBarrageTests.m in Sources */ = {isa = PBXBuildFile; fileRef = ECC8F31E203FC14D00D7C1CA /* PDBarrageTests.m */; };
		ECC8F32A203FC14D00D7C1CA /* PDBarrageUITests.m in Sources */ = {isa = PBXBuildFile; fileRef = ECC8F329203FC14D00D7C1CA /* PDBarrageUITests.m */; };
		FFB8AE2A7719390FE304E332 /* libPods-PDBarrageTests.a in Frameworks */ = {isa = PBXBuildFile; fileRef = EAEFA1CA55BE6F428ADB7857 /* libPods-PDBarrageTests.a */; };
/* End PBXBuildFile section */

/* Begin PBXContainerItemProxy section */
		ECC8F31B203FC14D00D7C1CA /* PBXContainerItemProxy */ = {
			isa = PBXContainerItemProxy;
			containerPortal = ECC8F2FA203FC14D00D7C1CA /* Project object */;
			proxyType = 1;
			remoteGlobalIDString = ECC8F301203FC14D00D7C1CA;
			remoteInfo = PDBarrage;
		};
		ECC8F326203FC14D00D7C1CA /* PBXContainerItemProxy */ = {
			isa = PBXContainerItemProxy;
			containerPortal = ECC8F2FA203FC14D00D7C1CA /* Project object */;
			proxyType = 1;
			remoteGlobalIDString = ECC8F301203FC14D00D7C1CA;
			remoteInfo = PDBarrage;
		};
/* End PBXContainerItemProxy section */

/* Begin PBXFileReference section */
		0F176396A44AC3F52EF1E1AE /* libPods-PDBarrageUITests.a */ = {isa = PBXFileReference; explicitFileType = archive.ar; includeInIndex = 0; path = "libPods-PDBarrageUITests.a"; sourceTree = BUILT_PRODUCTS_DIR; };
		29137C35E8041EDBED3AC248 /* Pods-PDBarrageTests.debug.xcconfig */ = {isa = PBXFileReference; includeInIndex = 1; lastKnownFileType = text.xcconfig; name = "Pods-PDBarrageTests.debug.xcconfig"; path = "Pods/Target Support Files/Pods-PDBarrageTests/Pods-PDBarrageTests.debug.xcconfig"; sourceTree = "<group>"; };
		2D0F38C88B872F79FFF5004E /* Pods-PDBarrageUITests.debug.xcconfig */ = {isa = PBXFileReference; includeInIndex = 1; lastKnownFileType = text.xcconfig; name = "Pods-PDBarrageUITests.debug.xcconfig"; path = "Pods/Target Support Files/Pods-PDBarrageUITests/Pods-PDBarrageUITests.debug.xcconfig"; sourceTree = "<group>"; };
		A7A7C9AE477B9522DF53E1E5 /* Pods-PDBarrage.debug.xcconfig */ = {isa = PBXFileReference; includeInIndex = 1; lastKnownFileType = text.xcconfig; name = "Pods-PDBarrage.debug.xcconfig"; path = "Pods/Target Support Files/Pods-PDBarrage/Pods-PDBarrage.debug.xcconfig"; sourceTree = "<group>"; };
		AF3AC778772FD4199A248D48 /* Pods-PDBarrage.release.xcconfig */ = {isa = PBXFileReference; includeInIndex = 1; lastKnownFileType = text.xcconfig; name = "Pods-PDBarrage.release.xcconfig"; path = "Pods/Target Support Files/Pods-PDBarrage/Pods-PDBarrage.release.xcconfig"; sourceTree = "<group>"; };
		B192051ABDFAC302A354F8B3 /* Pods-PDBarrageTests.release.xcconfig */ = {isa = PBXFileReference; includeInIndex = 1; lastKnownFileType = text.xcconfig; name = "Pods-PDBarrageTests.release.xcconfig"; path = "Pods/Target Support Files/Pods-PDBarrageTests/Pods-PDBarrageTests.release.xcconfig"; sourceTree = "<group>"; };
		DD275B572408D51A00F51E89 /* CADisplayLink+PDAdd.h */ = {isa = PBXFileReference; lastKnownFileType = sourcecode.c.h; path = "CADisplayLink+PDAdd.h"; sourceTree = "<group>"; };
		DD275B582408D51A00F51E89 /* CADisplayLink+PDAdd.m */ = {isa = PBXFileReference; lastKnownFileType = sourcecode.c.objc; path = "CADisplayLink+PDAdd.m"; sourceTree = "<group>"; };
		DD275B5A2408E29D00F51E89 /* PDDanmakuController.h */ = {isa = PBXFileReference; lastKnownFileType = sourcecode.c.h; path = PDDanmakuController.h; sourceTree = "<group>"; };
		DD275B5B2408E29D00F51E89 /* PDDanmakuController.m */ = {isa = PBXFileReference; lastKnownFileType = sourcecode.c.objc; path = PDDanmakuController.m; sourceTree = "<group>"; };
		DD275B5D2408E30400F51E89 /* PDDanmakuItemCell.h */ = {isa = PBXFileReference; lastKnownFileType = sourcecode.c.h; path = PDDanmakuItemCell.h; sourceTree = "<group>"; };
		DD275B5E2408E30400F51E89 /* PDDanmakuItemCell.m */ = {isa = PBXFileReference; lastKnownFileType = sourcecode.c.objc; path = PDDanmakuItemCell.m; sourceTree = "<group>"; };
		DD275B602408E34A00F51E89 /* PDDanmakuItemCell+Internal.h */ = {isa = PBXFileReference; lastKnownFileType = sourcecode.c.h; path = "PDDanmakuItemCell+Internal.h"; sourceTree = "<group>"; };
		DD275B612408E92600F51E89 /* PDDanmakuBeltView.h */ = {isa = PBXFileReference; lastKnownFileType = sourcecode.c.h; path = PDDanmakuBeltView.h; sourceTree = "<group>"; };
		DD275B622408E92600F51E89 /* PDDanmakuBeltView.m */ = {isa = PBXFileReference; lastKnownFileType = sourcecode.c.objc; path = PDDanmakuBeltView.m; sourceTree = "<group>"; };
		DD275B642408EBA400F51E89 /* PDDanmakuItemQueue.h */ = {isa = PBXFileReference; lastKnownFileType = sourcecode.c.h; path = PDDanmakuItemQueue.h; sourceTree = "<group>"; };
		DD275B652408EBA400F51E89 /* PDDanmakuItemQueue.m */ = {isa = PBXFileReference; lastKnownFileType = sourcecode.c.objc; path = PDDanmakuItemQueue.m; sourceTree = "<group>"; };
		EADD3688CF136D30E6CA91AD /* Pods-PDBarrageUITests.release.xcconfig */ = {isa = PBXFileReference; includeInIndex = 1; lastKnownFileType = text.xcconfig; name = "Pods-PDBarrageUITests.release.xcconfig"; path = "Pods/Target Support Files/Pods-PDBarrageUITests/Pods-PDBarrageUITests.release.xcconfig"; sourceTree = "<group>"; };
		EAEFA1CA55BE6F428ADB7857 /* libPods-PDBarrageTests.a */ = {isa = PBXFileReference; explicitFileType = archive.ar; includeInIndex = 0; path = "libPods-PDBarrageTests.a"; sourceTree = BUILT_PRODUCTS_DIR; };
		ECC8F302203FC14D00D7C1CA /* PDBarrage.app */ = {isa = PBXFileReference; explicitFileType = wrapper.application; includeInIndex = 0; path = PDBarrage.app; sourceTree = BUILT_PRODUCTS_DIR; };
		ECC8F305203FC14D00D7C1CA /* AppDelegate.h */ = {isa = PBXFileReference; lastKnownFileType = sourcecode.c.h; path = AppDelegate.h; sourceTree = "<group>"; };
		ECC8F306203FC14D00D7C1CA /* AppDelegate.m */ = {isa = PBXFileReference; lastKnownFileType = sourcecode.c.objc; path = AppDelegate.m; sourceTree = "<group>"; };
		ECC8F308203FC14D00D7C1CA /* ViewController.h */ = {isa = PBXFileReference; lastKnownFileType = sourcecode.c.h; path = ViewController.h; sourceTree = "<group>"; };
		ECC8F309203FC14D00D7C1CA /* ViewController.m */ = {isa = PBXFileReference; lastKnownFileType = sourcecode.c.objc; path = ViewController.m; sourceTree = "<group>"; };
		ECC8F30C203FC14D00D7C1CA /* Base */ = {isa = PBXFileReference; lastKnownFileType = file.storyboard; name = Base; path = Base.lproj/Main.storyboard; sourceTree = "<group>"; };
		ECC8F30E203FC14D00D7C1CA /* Assets.xcassets */ = {isa = PBXFileReference; lastKnownFileType = folder.assetcatalog; path = Assets.xcassets; sourceTree = "<group>"; };
		ECC8F311203FC14D00D7C1CA /* Base */ = {isa = PBXFileReference; lastKnownFileType = file.storyboard; name = Base; path = Base.lproj/LaunchScreen.storyboard; sourceTree = "<group>"; };
		ECC8F313203FC14D00D7C1CA /* Info.plist */ = {isa = PBXFileReference; lastKnownFileType = text.plist.xml; path = Info.plist; sourceTree = "<group>"; };
		ECC8F314203FC14D00D7C1CA /* main.m */ = {isa = PBXFileReference; lastKnownFileType = sourcecode.c.objc; path = main.m; sourceTree = "<group>"; };
		ECC8F31A203FC14D00D7C1CA /* PDBarrageTests.xctest */ = {isa = PBXFileReference; explicitFileType = wrapper.cfbundle; includeInIndex = 0; path = PDBarrageTests.xctest; sourceTree = BUILT_PRODUCTS_DIR; };
		ECC8F31E203FC14D00D7C1CA /* PDBarrageTests.m */ = {isa = PBXFileReference; lastKnownFileType = sourcecode.c.objc; path = PDBarrageTests.m; sourceTree = "<group>"; };
		ECC8F320203FC14D00D7C1CA /* Info.plist */ = {isa = PBXFileReference; lastKnownFileType = text.plist.xml; path = Info.plist; sourceTree = "<group>"; };
		ECC8F325203FC14D00D7C1CA /* PDBarrageUITests.xctest */ = {isa = PBXFileReference; explicitFileType = wrapper.cfbundle; includeInIndex = 0; path = PDBarrageUITests.xctest; sourceTree = BUILT_PRODUCTS_DIR; };
		ECC8F329203FC14D00D7C1CA /* PDBarrageUITests.m */ = {isa = PBXFileReference; lastKnownFileType = sourcecode.c.objc; path = PDBarrageUITests.m; sourceTree = "<group>"; };
		ECC8F32B203FC14D00D7C1CA /* Info.plist */ = {isa = PBXFileReference; lastKnownFileType = text.plist.xml; path = Info.plist; sourceTree = "<group>"; };
		F5D54958BC6694682EEBDA82 /* libPods-PDBarrage.a */ = {isa = PBXFileReference; explicitFileType = archive.ar; includeInIndex = 0; path = "libPods-PDBarrage.a"; sourceTree = BUILT_PRODUCTS_DIR; };
/* End PBXFileReference section */

/* Begin PBXFrameworksBuildPhase section */
		ECC8F2FF203FC14D00D7C1CA /* Frameworks */ = {
			isa = PBXFrameworksBuildPhase;
			buildActionMask = 2147483647;
			files = (
				A180DB8159338BAEFA72D473 /* libPods-PDBarrage.a in Frameworks */,
			);
			runOnlyForDeploymentPostprocessing = 0;
		};
		ECC8F317203FC14D00D7C1CA /* Frameworks */ = {
			isa = PBXFrameworksBuildPhase;
			buildActionMask = 2147483647;
			files = (
				FFB8AE2A7719390FE304E332 /* libPods-PDBarrageTests.a in Frameworks */,
			);
			runOnlyForDeploymentPostprocessing = 0;
		};
		ECC8F322203FC14D00D7C1CA /* Frameworks */ = {
			isa = PBXFrameworksBuildPhase;
			buildActionMask = 2147483647;
			files = (
				3C7547DA87FE2E3F37865CFD /* libPods-PDBarrageUITests.a in Frameworks */,
			);
			runOnlyForDeploymentPostprocessing = 0;
		};
/* End PBXFrameworksBuildPhase section */

/* Begin PBXGroup section */
		9A742853F19BD3D9B78FB121 /* Pods */ = {
			isa = PBXGroup;
			children = (
				A7A7C9AE477B9522DF53E1E5 /* Pods-PDBarrage.debug.xcconfig */,
				AF3AC778772FD4199A248D48 /* Pods-PDBarrage.release.xcconfig */,
				29137C35E8041EDBED3AC248 /* Pods-PDBarrageTests.debug.xcconfig */,
				B192051ABDFAC302A354F8B3 /* Pods-PDBarrageTests.release.xcconfig */,
				2D0F38C88B872F79FFF5004E /* Pods-PDBarrageUITests.debug.xcconfig */,
				EADD3688CF136D30E6CA91AD /* Pods-PDBarrageUITests.release.xcconfig */,
			);
			name = Pods;
			sourceTree = "<group>";
		};
		C7E078E95D5FBE36927F51EA /* Frameworks */ = {
			isa = PBXGroup;
			children = (
				F5D54958BC6694682EEBDA82 /* libPods-PDBarrage.a */,
				EAEFA1CA55BE6F428ADB7857 /* libPods-PDBarrageTests.a */,
				0F176396A44AC3F52EF1E1AE /* libPods-PDBarrageUITests.a */,
			);
			name = Frameworks;
			sourceTree = "<group>";
		};
		ECC8F2F9203FC14D00D7C1CA = {
			isa = PBXGroup;
			children = (
				ECC8F304203FC14D00D7C1CA /* PDBarrage */,
				ECC8F31D203FC14D00D7C1CA /* PDBarrageTests */,
				ECC8F328203FC14D00D7C1CA /* PDBarrageUITests */,
				ECC8F303203FC14D00D7C1CA /* Products */,
				9A742853F19BD3D9B78FB121 /* Pods */,
				C7E078E95D5FBE36927F51EA /* Frameworks */,
			);
			sourceTree = "<group>";
		};
		ECC8F303203FC14D00D7C1CA /* Products */ = {
			isa = PBXGroup;
			children = (
				ECC8F302203FC14D00D7C1CA /* PDBarrage.app */,
				ECC8F31A203FC14D00D7C1CA /* PDBarrageTests.xctest */,
				ECC8F325203FC14D00D7C1CA /* PDBarrageUITests.xctest */,
			);
			name = Products;
			sourceTree = "<group>";
		};
		ECC8F304203FC14D00D7C1CA /* PDBarrage */ = {
			isa = PBXGroup;
			children = (
				ECC8F337203FC15200D7C1CA /* Source */,
				ECC8F305203FC14D00D7C1CA /* AppDelegate.h */,
				ECC8F306203FC14D00D7C1CA /* AppDelegate.m */,
				ECC8F308203FC14D00D7C1CA /* ViewController.h */,
				ECC8F309203FC14D00D7C1CA /* ViewController.m */,
				ECC8F30B203FC14D00D7C1CA /* Main.storyboard */,
				ECC8F30E203FC14D00D7C1CA /* Assets.xcassets */,
				ECC8F310203FC14D00D7C1CA /* LaunchScreen.storyboard */,
				ECC8F313203FC14D00D7C1CA /* Info.plist */,
				ECC8F314203FC14D00D7C1CA /* main.m */,
			);
			path = PDBarrage;
			sourceTree = "<group>";
		};
		ECC8F31D203FC14D00D7C1CA /* PDBarrageTests */ = {
			isa = PBXGroup;
			children = (
				ECC8F31E203FC14D00D7C1CA /* PDBarrageTests.m */,
				ECC8F320203FC14D00D7C1CA /* Info.plist */,
			);
			path = PDBarrageTests;
			sourceTree = "<group>";
		};
		ECC8F328203FC14D00D7C1CA /* PDBarrageUITests */ = {
			isa = PBXGroup;
			children = (
				ECC8F329203FC14D00D7C1CA /* PDBarrageUITests.m */,
				ECC8F32B203FC14D00D7C1CA /* Info.plist */,
			);
			path = PDBarrageUITests;
			sourceTree = "<group>";
		};
		ECC8F337203FC15200D7C1CA /* Source */ = {
			isa = PBXGroup;
			children = (
				DD275B572408D51A00F51E89 /* CADisplayLink+PDAdd.h */,
				DD275B582408D51A00F51E89 /* CADisplayLink+PDAdd.m */,
				DD275B5A2408E29D00F51E89 /* PDDanmakuController.h */,
				DD275B5B2408E29D00F51E89 /* PDDanmakuController.m */,
				DD275B602408E34A00F51E89 /* PDDanmakuItemCell+Internal.h */,
				DD275B5D2408E30400F51E89 /* PDDanmakuItemCell.h */,
				DD275B5E2408E30400F51E89 /* PDDanmakuItemCell.m */,
				DD275B612408E92600F51E89 /* PDDanmakuBeltView.h */,
				DD275B622408E92600F51E89 /* PDDanmakuBeltView.m */,
				DD275B642408EBA400F51E89 /* PDDanmakuItemQueue.h */,
				DD275B652408EBA400F51E89 /* PDDanmakuItemQueue.m */,
			);
			path = Source;
			sourceTree = "<group>";
		};
/* End PBXGroup section */

/* Begin PBXNativeTarget section */
		ECC8F301203FC14D00D7C1CA /* PDBarrage */ = {
			isa = PBXNativeTarget;
			buildConfigurationList = ECC8F32E203FC14D00D7C1CA /* Build configuration list for PBXNativeTarget "PDBarrage" */;
			buildPhases = (
				178E97E63B4712149D94B356 /* [CP] Check Pods Manifest.lock */,
				ECC8F2FE203FC14D00D7C1CA /* Sources */,
				ECC8F2FF203FC14D00D7C1CA /* Frameworks */,
				ECC8F300203FC14D00D7C1CA /* Resources */,
				21525B00B6711B36B4C704E7 /* [CP] Embed Pods Frameworks */,
				CC5498680819C1BA2AA44180 /* [CP] Copy Pods Resources */,
			);
			buildRules = (
			);
			dependencies = (
			);
			name = PDBarrage;
			productName = PDBarrage;
			productReference = ECC8F302203FC14D00D7C1CA /* PDBarrage.app */;
			productType = "com.apple.product-type.application";
		};
		ECC8F319203FC14D00D7C1CA /* PDBarrageTests */ = {
			isa = PBXNativeTarget;
			buildConfigurationList = ECC8F331203FC14D00D7C1CA /* Build configuration list for PBXNativeTarget "PDBarrageTests" */;
			buildPhases = (
				BD81BC76675A80DF3854E65C /* [CP] Check Pods Manifest.lock */,
				ECC8F316203FC14D00D7C1CA /* Sources */,
				ECC8F317203FC14D00D7C1CA /* Frameworks */,
				ECC8F318203FC14D00D7C1CA /* Resources */,
				C6A20C5E16D0BF09F015A40D /* [CP] Embed Pods Frameworks */,
				49C52B718C53E33818888933 /* [CP] Copy Pods Resources */,
			);
			buildRules = (
			);
			dependencies = (
				ECC8F31C203FC14D00D7C1CA /* PBXTargetDependency */,
			);
			name = PDBarrageTests;
			productName = PDBarrageTests;
			productReference = ECC8F31A203FC14D00D7C1CA /* PDBarrageTests.xctest */;
			productType = "com.apple.product-type.bundle.unit-test";
		};
		ECC8F324203FC14D00D7C1CA /* PDBarrageUITests */ = {
			isa = PBXNativeTarget;
			buildConfigurationList = ECC8F334203FC14D00D7C1CA /* Build configuration list for PBXNativeTarget "PDBarrageUITests" */;
			buildPhases = (
				F08121836633D71A147CB2EA /* [CP] Check Pods Manifest.lock */,
				ECC8F321203FC14D00D7C1CA /* Sources */,
				ECC8F322203FC14D00D7C1CA /* Frameworks */,
				ECC8F323203FC14D00D7C1CA /* Resources */,
				CB2E58BC675E4B8B0F94E72A /* [CP] Embed Pods Frameworks */,
				25F28F6746DEE1D8D953B9E9 /* [CP] Copy Pods Resources */,
			);
			buildRules = (
			);
			dependencies = (
				ECC8F327203FC14D00D7C1CA /* PBXTargetDependency */,
			);
			name = PDBarrageUITests;
			productName = PDBarrageUITests;
			productReference = ECC8F325203FC14D00D7C1CA /* PDBarrageUITests.xctest */;
			productType = "com.apple.product-type.bundle.ui-testing";
		};
/* End PBXNativeTarget section */

/* Begin PBXProject section */
		ECC8F2FA203FC14D00D7C1CA /* Project object */ = {
			isa = PBXProject;
			attributes = {
				LastUpgradeCheck = 0920;
				ORGANIZATIONNAME = PipeDog;
				TargetAttributes = {
					ECC8F301203FC14D00D7C1CA = {
						CreatedOnToolsVersion = 9.2;
						ProvisioningStyle = Automatic;
					};
					ECC8F319203FC14D00D7C1CA = {
						CreatedOnToolsVersion = 9.2;
						ProvisioningStyle = Automatic;
						TestTargetID = ECC8F301203FC14D00D7C1CA;
					};
					ECC8F324203FC14D00D7C1CA = {
						CreatedOnToolsVersion = 9.2;
						ProvisioningStyle = Automatic;
						TestTargetID = ECC8F301203FC14D00D7C1CA;
					};
				};
			};
			buildConfigurationList = ECC8F2FD203FC14D00D7C1CA /* Build configuration list for PBXProject "PDBarrage" */;
			compatibilityVersion = "Xcode 8.0";
			developmentRegion = en;
			hasScannedForEncodings = 0;
			knownRegions = (
				en,
				Base,
			);
			mainGroup = ECC8F2F9203FC14D00D7C1CA;
			productRefGroup = ECC8F303203FC14D00D7C1CA /* Products */;
			projectDirPath = "";
			projectRoot = "";
			targets = (
				ECC8F301203FC14D00D7C1CA /* PDBarrage */,
				ECC8F319203FC14D00D7C1CA /* PDBarrageTests */,
				ECC8F324203FC14D00D7C1CA /* PDBarrageUITests */,
			);
		};
/* End PBXProject section */

/* Begin PBXResourcesBuildPhase section */
		ECC8F300203FC14D00D7C1CA /* Resources */ = {
			isa = PBXResourcesBuildPhase;
			buildActionMask = 2147483647;
			files = (
				ECC8F312203FC14D00D7C1CA /* LaunchScreen.storyboard in Resources */,
				ECC8F30F203FC14D00D7C1CA /* Assets.xcassets in Resources */,
				ECC8F30D203FC14D00D7C1CA /* Main.storyboard in Resources */,
			);
			runOnlyForDeploymentPostprocessing = 0;
		};
		ECC8F318203FC14D00D7C1CA /* Resources */ = {
			isa = PBXResourcesBuildPhase;
			buildActionMask = 2147483647;
			files = (
			);
			runOnlyForDeploymentPostprocessing = 0;
		};
		ECC8F323203FC14D00D7C1CA /* Resources */ = {
			isa = PBXResourcesBuildPhase;
			buildActionMask = 2147483647;
			files = (
			);
			runOnlyForDeploymentPostprocessing = 0;
		};
/* End PBXResourcesBuildPhase section */

/* Begin PBXShellScriptBuildPhase section */
		178E97E63B4712149D94B356 /* [CP] Check Pods Manifest.lock */ = {
			isa = PBXShellScriptBuildPhase;
			buildActionMask = 2147483647;
			files = (
			);
			inputPaths = (
				"${PODS_PODFILE_DIR_PATH}/Podfile.lock",
				"${PODS_ROOT}/Manifest.lock",
			);
			name = "[CP] Check Pods Manifest.lock";
			outputPaths = (
				"$(DERIVED_FILE_DIR)/Pods-PDBarrage-checkManifestLockResult.txt",
			);
			runOnlyForDeploymentPostprocessing = 0;
			shellPath = /bin/sh;
			shellScript = "diff \"${PODS_PODFILE_DIR_PATH}/Podfile.lock\" \"${PODS_ROOT}/Manifest.lock\" > /dev/null\nif [ $? != 0 ] ; then\n    # print error to STDERR\n    echo \"error: The sandbox is not in sync with the Podfile.lock. Run 'pod install' or update your CocoaPods installation.\" >&2\n    exit 1\nfi\n# This output is used by Xcode 'outputs' to avoid re-running this script phase.\necho \"SUCCESS\" > \"${SCRIPT_OUTPUT_FILE_0}\"\n";
			showEnvVarsInLog = 0;
		};
		21525B00B6711B36B4C704E7 /* [CP] Embed Pods Frameworks */ = {
			isa = PBXShellScriptBuildPhase;
			buildActionMask = 2147483647;
			files = (
			);
			inputPaths = (
			);
			name = "[CP] Embed Pods Frameworks";
			outputPaths = (
			);
			runOnlyForDeploymentPostprocessing = 0;
			shellPath = /bin/sh;
			shellScript = "\"${SRCROOT}/Pods/Target Support Files/Pods-PDBarrage/Pods-PDBarrage-frameworks.sh\"\n";
			showEnvVarsInLog = 0;
		};
		25F28F6746DEE1D8D953B9E9 /* [CP] Copy Pods Resources */ = {
			isa = PBXShellScriptBuildPhase;
			buildActionMask = 2147483647;
			files = (
			);
			inputPaths = (
			);
			name = "[CP] Copy Pods Resources";
			outputPaths = (
			);
			runOnlyForDeploymentPostprocessing = 0;
			shellPath = /bin/sh;
			shellScript = "\"${SRCROOT}/Pods/Target Support Files/Pods-PDBarrageUITests/Pods-PDBarrageUITests-resources.sh\"\n";
			showEnvVarsInLog = 0;
		};
		49C52B718C53E33818888933 /* [CP] Copy Pods Resources */ = {
			isa = PBXShellScriptBuildPhase;
			buildActionMask = 2147483647;
			files = (
			);
			inputPaths = (
			);
			name = "[CP] Copy Pods Resources";
			outputPaths = (
			);
			runOnlyForDeploymentPostprocessing = 0;
			shellPath = /bin/sh;
			shellScript = "\"${SRCROOT}/Pods/Target Support Files/Pods-PDBarrageTests/Pods-PDBarrageTests-resources.sh\"\n";
			showEnvVarsInLog = 0;
		};
		BD81BC76675A80DF3854E65C /* [CP] Check Pods Manifest.lock */ = {
			isa = PBXShellScriptBuildPhase;
			buildActionMask = 2147483647;
			files = (
			);
			inputPaths = (
				"${PODS_PODFILE_DIR_PATH}/Podfile.lock",
				"${PODS_ROOT}/Manifest.lock",
			);
			name = "[CP] Check Pods Manifest.lock";
			outputPaths = (
				"$(DERIVED_FILE_DIR)/Pods-PDBarrageTests-checkManifestLockResult.txt",
			);
			runOnlyForDeploymentPostprocessing = 0;
			shellPath = /bin/sh;
			shellScript = "diff \"${PODS_PODFILE_DIR_PATH}/Podfile.lock\" \"${PODS_ROOT}/Manifest.lock\" > /dev/null\nif [ $? != 0 ] ; then\n    # print error to STDERR\n    echo \"error: The sandbox is not in sync with the Podfile.lock. Run 'pod install' or update your CocoaPods installation.\" >&2\n    exit 1\nfi\n# This output is used by Xcode 'outputs' to avoid re-running this script phase.\necho \"SUCCESS\" > \"${SCRIPT_OUTPUT_FILE_0}\"\n";
			showEnvVarsInLog = 0;
		};
		C6A20C5E16D0BF09F015A40D /* [CP] Embed Pods Frameworks */ = {
			isa = PBXShellScriptBuildPhase;
			buildActionMask = 2147483647;
			files = (
			);
			inputPaths = (
			);
			name = "[CP] Embed Pods Frameworks";
			outputPaths = (
			);
			runOnlyForDeploymentPostprocessing = 0;
			shellPath = /bin/sh;
			shellScript = "\"${SRCROOT}/Pods/Target Support Files/Pods-PDBarrageTests/Pods-PDBarrageTests-frameworks.sh\"\n";
			showEnvVarsInLog = 0;
		};
		CB2E58BC675E4B8B0F94E72A /* [CP] Embed Pods Frameworks */ = {
			isa = PBXShellScriptBuildPhase;
			buildActionMask = 2147483647;
			files = (
			);
			inputPaths = (
			);
			name = "[CP] Embed Pods Frameworks";
			outputPaths = (
			);
			runOnlyForDeploymentPostprocessing = 0;
			shellPath = /bin/sh;
			shellScript = "\"${SRCROOT}/Pods/Target Support Files/Pods-PDBarrageUITests/Pods-PDBarrageUITests-frameworks.sh\"\n";
			showEnvVarsInLog = 0;
		};
		CC5498680819C1BA2AA44180 /* [CP] Copy Pods Resources */ = {
			isa = PBXShellScriptBuildPhase;
			buildActionMask = 2147483647;
			files = (
			);
			inputPaths = (
			);
			name = "[CP] Copy Pods Resources";
			outputPaths = (
			);
			runOnlyForDeploymentPostprocessing = 0;
			shellPath = /bin/sh;
			shellScript = "\"${SRCROOT}/Pods/Target Support Files/Pods-PDBarrage/Pods-PDBarrage-resources.sh\"\n";
			showEnvVarsInLog = 0;
		};
		F08121836633D71A147CB2EA /* [CP] Check Pods Manifest.lock */ = {
			isa = PBXShellScriptBuildPhase;
			buildActionMask = 2147483647;
			files = (
			);
			inputPaths = (
				"${PODS_PODFILE_DIR_PATH}/Podfile.lock",
				"${PODS_ROOT}/Manifest.lock",
			);
			name = "[CP] Check Pods Manifest.lock";
			outputPaths = (
				"$(DERIVED_FILE_DIR)/Pods-PDBarrageUITests-checkManifestLockResult.txt",
			);
			runOnlyForDeploymentPostprocessing = 0;
			shellPath = /bin/sh;
			shellScript = "diff \"${PODS_PODFILE_DIR_PATH}/Podfile.lock\" \"${PODS_ROOT}/Manifest.lock\" > /dev/null\nif [ $? != 0 ] ; then\n    # print error to STDERR\n    echo \"error: The sandbox is not in sync with the Podfile.lock. Run 'pod install' or update your CocoaPods installation.\" >&2\n    exit 1\nfi\n# This output is used by Xcode 'outputs' to avoid re-running this script phase.\necho \"SUCCESS\" > \"${SCRIPT_OUTPUT_FILE_0}\"\n";
			showEnvVarsInLog = 0;
		};
/* End PBXShellScriptBuildPhase section */

/* Begin PBXSourcesBuildPhase section */
		ECC8F2FE203FC14D00D7C1CA /* Sources */ = {
			isa = PBXSourcesBuildPhase;
			buildActionMask = 2147483647;
			files = (
				ECC8F30A203FC14D00D7C1CA /* ViewController.m in Sources */,
				DD275B5F2408E30400F51E89 /* PDDanmakuItemCell.m in Sources */,
				DD275B662408EBA400F51E89 /* PDDanmakuItemQueue.m in Sources */,
				DD275B632408E92600F51E89 /* PDDanmakuBeltView.m in Sources */,
				DD275B592408D51A00F51E89 /* CADisplayLink+PDAdd.m in Sources */,
				ECC8F315203FC14D00D7C1CA /* main.m in Sources */,
				DD275B5C2408E29D00F51E89 /* PDDanmakuController.m in Sources */,
				ECC8F307203FC14D00D7C1CA /* AppDelegate.m in Sources */,
			);
			runOnlyForDeploymentPostprocessing = 0;
		};
		ECC8F316203FC14D00D7C1CA /* Sources */ = {
			isa = PBXSourcesBuildPhase;
			buildActionMask = 2147483647;
			files = (
				ECC8F31F203FC14D00D7C1CA /* PDBarrageTests.m in Sources */,
			);
			runOnlyForDeploymentPostprocessing = 0;
		};
		ECC8F321203FC14D00D7C1CA /* Sources */ = {
			isa = PBXSourcesBuildPhase;
			buildActionMask = 2147483647;
			files = (
				ECC8F32A203FC14D00D7C1CA /* PDBarrageUITests.m in Sources */,
			);
			runOnlyForDeploymentPostprocessing = 0;
		};
/* End PBXSourcesBuildPhase section */

/* Begin PBXTargetDependency section */
		ECC8F31C203FC14D00D7C1CA /* PBXTargetDependency */ = {
			isa = PBXTargetDependency;
			target = ECC8F301203FC14D00D7C1CA /* PDBarrage */;
			targetProxy = ECC8F31B203FC14D00D7C1CA /* PBXContainerItemProxy */;
		};
		ECC8F327203FC14D00D7C1CA /* PBXTargetDependency */ = {
			isa = PBXTargetDependency;
			target = ECC8F301203FC14D00D7C1CA /* PDBarrage */;
			targetProxy = ECC8F326203FC14D00D7C1CA /* PBXContainerItemProxy */;
		};
/* End PBXTargetDependency section */

/* Begin PBXVariantGroup section */
		ECC8F30B203FC14D00D7C1CA /* Main.storyboard */ = {
			isa = PBXVariantGroup;
			children = (
				ECC8F30C203FC14D00D7C1CA /* Base */,
			);
			name = Main.storyboard;
			sourceTree = "<group>";
		};
		ECC8F310203FC14D00D7C1CA /* LaunchScreen.storyboard */ = {
			isa = PBXVariantGroup;
			children = (
				ECC8F311203FC14D00D7C1CA /* Base */,
			);
			name = LaunchScreen.storyboard;
			sourceTree = "<group>";
		};
/* End PBXVariantGroup section */

/* Begin XCBuildConfiguration section */
		ECC8F32C203FC14D00D7C1CA /* Debug */ = {
			isa = XCBuildConfiguration;
			buildSettings = {
				ALWAYS_SEARCH_USER_PATHS = NO;
				CLANG_ANALYZER_NONNULL = YES;
				CLANG_ANALYZER_NUMBER_OBJECT_CONVERSION = YES_AGGRESSIVE;
				CLANG_CXX_LANGUAGE_STANDARD = "gnu++14";
				CLANG_CXX_LIBRARY = "libc++";
				CLANG_ENABLE_MODULES = YES;
				CLANG_ENABLE_OBJC_ARC = YES;
				CLANG_WARN_BLOCK_CAPTURE_AUTORELEASING = YES;
				CLANG_WARN_BOOL_CONVERSION = YES;
				CLANG_WARN_COMMA = YES;
				CLANG_WARN_CONSTANT_CONVERSION = YES;
				CLANG_WARN_DIRECT_OBJC_ISA_USAGE = YES_ERROR;
				CLANG_WARN_DOCUMENTATION_COMMENTS = YES;
				CLANG_WARN_EMPTY_BODY = YES;
				CLANG_WARN_ENUM_CONVERSION = YES;
				CLANG_WARN_INFINITE_RECURSION = YES;
				CLANG_WARN_INT_CONVERSION = YES;
				CLANG_WARN_NON_LITERAL_NULL_CONVERSION = YES;
				CLANG_WARN_OBJC_LITERAL_CONVERSION = YES;
				CLANG_WARN_OBJC_ROOT_CLASS = YES_ERROR;
				CLANG_WARN_RANGE_LOOP_ANALYSIS = YES;
				CLANG_WARN_STRICT_PROTOTYPES = YES;
				CLANG_WARN_SUSPICIOUS_MOVE = YES;
				CLANG_WARN_UNGUARDED_AVAILABILITY = YES_AGGRESSIVE;
				CLANG_WARN_UNREACHABLE_CODE = YES;
				CLANG_WARN__DUPLICATE_METHOD_MATCH = YES;
				CODE_SIGN_IDENTITY = "iPhone Developer";
				COPY_PHASE_STRIP = NO;
				DEBUG_INFORMATION_FORMAT = dwarf;
				ENABLE_STRICT_OBJC_MSGSEND = YES;
				ENABLE_TESTABILITY = YES;
				GCC_C_LANGUAGE_STANDARD = gnu11;
				GCC_DYNAMIC_NO_PIC = NO;
				GCC_NO_COMMON_BLOCKS = YES;
				GCC_OPTIMIZATION_LEVEL = 0;
				GCC_PREPROCESSOR_DEFINITIONS = (
					"DEBUG=1",
					"$(inherited)",
				);
				GCC_WARN_64_TO_32_BIT_CONVERSION = YES;
				GCC_WARN_ABOUT_RETURN_TYPE = YES_ERROR;
				GCC_WARN_UNDECLARED_SELECTOR = YES;
				GCC_WARN_UNINITIALIZED_AUTOS = YES_AGGRESSIVE;
				GCC_WARN_UNUSED_FUNCTION = YES;
				GCC_WARN_UNUSED_VARIABLE = YES;
				IPHONEOS_DEPLOYMENT_TARGET = 11.2;
				MTL_ENABLE_DEBUG_INFO = YES;
				ONLY_ACTIVE_ARCH = YES;
				SDKROOT = iphoneos;
			};
			name = Debug;
		};
		ECC8F32D203FC14D00D7C1CA /* Release */ = {
			isa = XCBuildConfiguration;
			buildSettings = {
				ALWAYS_SEARCH_USER_PATHS = NO;
				CLANG_ANALYZER_NONNULL = YES;
				CLANG_ANALYZER_NUMBER_OBJECT_CONVERSION = YES_AGGRESSIVE;
				CLANG_CXX_LANGUAGE_STANDARD = "gnu++14";
				CLANG_CXX_LIBRARY = "libc++";
				CLANG_ENABLE_MODULES = YES;
				CLANG_ENABLE_OBJC_ARC = YES;
				CLANG_WARN_BLOCK_CAPTURE_AUTORELEASING = YES;
				CLANG_WARN_BOOL_CONVERSION = YES;
				CLANG_WARN_COMMA = YES;
				CLANG_WARN_CONSTANT_CONVERSION = YES;
				CLANG_WARN_DIRECT_OBJC_ISA_USAGE = YES_ERROR;
				CLANG_WARN_DOCUMENTATION_COMMENTS = YES;
				CLANG_WARN_EMPTY_BODY = YES;
				CLANG_WARN_ENUM_CONVERSION = YES;
				CLANG_WARN_INFINITE_RECURSION = YES;
				CLANG_WARN_INT_CONVERSION = YES;
				CLANG_WARN_NON_LITERAL_NULL_CONVERSION = YES;
				CLANG_WARN_OBJC_LITERAL_CONVERSION = YES;
				CLANG_WARN_OBJC_ROOT_CLASS = YES_ERROR;
				CLANG_WARN_RANGE_LOOP_ANALYSIS = YES;
				CLANG_WARN_STRICT_PROTOTYPES = YES;
				CLANG_WARN_SUSPICIOUS_MOVE = YES;
				CLANG_WARN_UNGUARDED_AVAILABILITY = YES_AGGRESSIVE;
				CLANG_WARN_UNREACHABLE_CODE = YES;
				CLANG_WARN__DUPLICATE_METHOD_MATCH = YES;
				CODE_SIGN_IDENTITY = "iPhone Developer";
				COPY_PHASE_STRIP = NO;
				DEBUG_INFORMATION_FORMAT = "dwarf-with-dsym";
				ENABLE_NS_ASSERTIONS = NO;
				ENABLE_STRICT_OBJC_MSGSEND = YES;
				GCC_C_LANGUAGE_STANDARD = gnu11;
				GCC_NO_COMMON_BLOCKS = YES;
				GCC_WARN_64_TO_32_BIT_CONVERSION = YES;
				GCC_WARN_ABOUT_RETURN_TYPE = YES_ERROR;
				GCC_WARN_UNDECLARED_SELECTOR = YES;
				GCC_WARN_UNINITIALIZED_AUTOS = YES_AGGRESSIVE;
				GCC_WARN_UNUSED_FUNCTION = YES;
				GCC_WARN_UNUSED_VARIABLE = YES;
				IPHONEOS_DEPLOYMENT_TARGET = 11.2;
				MTL_ENABLE_DEBUG_INFO = NO;
				SDKROOT = iphoneos;
				VALIDATE_PRODUCT = YES;
			};
			name = Release;
		};
		ECC8F32F203FC14D00D7C1CA /* Debug */ = {
			isa = XCBuildConfiguration;
			baseConfigurationReference = A7A7C9AE477B9522DF53E1E5 /* Pods-PDBarrage.debug.xcconfig */;
			buildSettings = {
				ASSETCATALOG_COMPILER_APPICON_NAME = AppIcon;
				CODE_SIGN_STYLE = Automatic;
				INFOPLIST_FILE = PDBarrage/Info.plist;
				LD_RUNPATH_SEARCH_PATHS = "$(inherited) @executable_path/Frameworks";
				PRODUCT_BUNDLE_IDENTIFIER = PipeDog.PDBarrage;
				PRODUCT_NAME = "$(TARGET_NAME)";
				TARGETED_DEVICE_FAMILY = "1,2";
			};
			name = Debug;
		};
		ECC8F330203FC14D00D7C1CA /* Release */ = {
			isa = XCBuildConfiguration;
			baseConfigurationReference = AF3AC778772FD4199A248D48 /* Pods-PDBarrage.release.xcconfig */;
			buildSettings = {
				ASSETCATALOG_COMPILER_APPICON_NAME = AppIcon;
				CODE_SIGN_STYLE = Automatic;
				INFOPLIST_FILE = PDBarrage/Info.plist;
				LD_RUNPATH_SEARCH_PATHS = "$(inherited) @executable_path/Frameworks";
				PRODUCT_BUNDLE_IDENTIFIER = PipeDog.PDBarrage;
				PRODUCT_NAME = "$(TARGET_NAME)";
				TARGETED_DEVICE_FAMILY = "1,2";
			};
			name = Release;
		};
		ECC8F332203FC14D00D7C1CA /* Debug */ = {
			isa = XCBuildConfiguration;
			baseConfigurationReference = 29137C35E8041EDBED3AC248 /* Pods-PDBarrageTests.debug.xcconfig */;
			buildSettings = {
				BUNDLE_LOADER = "$(TEST_HOST)";
				CODE_SIGN_STYLE = Automatic;
				INFOPLIST_FILE = PDBarrageTests/Info.plist;
				LD_RUNPATH_SEARCH_PATHS = "$(inherited) @executable_path/Frameworks @loader_path/Frameworks";
				PRODUCT_BUNDLE_IDENTIFIER = PipeDog.PDBarrageTests;
				PRODUCT_NAME = "$(TARGET_NAME)";
				TARGETED_DEVICE_FAMILY = "1,2";
				TEST_HOST = "$(BUILT_PRODUCTS_DIR)/PDBarrage.app/PDBarrage";
			};
			name = Debug;
		};
		ECC8F333203FC14D00D7C1CA /* Release */ = {
			isa = XCBuildConfiguration;
			baseConfigurationReference = B192051ABDFAC302A354F8B3 /* Pods-PDBarrageTests.release.xcconfig */;
			buildSettings = {
				BUNDLE_LOADER = "$(TEST_HOST)";
				CODE_SIGN_STYLE = Automatic;
				INFOPLIST_FILE = PDBarrageTests/Info.plist;
				LD_RUNPATH_SEARCH_PATHS = "$(inherited) @executable_path/Frameworks @loader_path/Frameworks";
				PRODUCT_BUNDLE_IDENTIFIER = PipeDog.PDBarrageTests;
				PRODUCT_NAME = "$(TARGET_NAME)";
				TARGETED_DEVICE_FAMILY = "1,2";
				TEST_HOST = "$(BUILT_PRODUCTS_DIR)/PDBarrage.app/PDBarrage";
			};
			name = Release;
		};
		ECC8F335203FC14D00D7C1CA /* Debug */ = {
			isa = XCBuildConfiguration;
			baseConfigurationReference = 2D0F38C88B872F79FFF5004E /* Pods-PDBarrageUITests.debug.xcconfig */;
			buildSettings = {
				CODE_SIGN_STYLE = Automatic;
				INFOPLIST_FILE = PDBarrageUITests/Info.plist;
				LD_RUNPATH_SEARCH_PATHS = "$(inherited) @executable_path/Frameworks @loader_path/Frameworks";
				PRODUCT_BUNDLE_IDENTIFIER = PipeDog.PDBarrageUITests;
				PRODUCT_NAME = "$(TARGET_NAME)";
				TARGETED_DEVICE_FAMILY = "1,2";
				TEST_TARGET_NAME = PDBarrage;
			};
			name = Debug;
		};
		ECC8F336203FC14D00D7C1CA /* Release */ = {
			isa = XCBuildConfiguration;
			baseConfigurationReference = EADD3688CF136D30E6CA91AD /* Pods-PDBarrageUITests.release.xcconfig */;
			buildSettings = {
				CODE_SIGN_STYLE = Automatic;
				INFOPLIST_FILE = PDBarrageUITests/Info.plist;
				LD_RUNPATH_SEARCH_PATHS = "$(inherited) @executable_path/Frameworks @loader_path/Frameworks";
				PRODUCT_BUNDLE_IDENTIFIER = PipeDog.PDBarrageUITests;
				PRODUCT_NAME = "$(TARGET_NAME)";
				TARGETED_DEVICE_FAMILY = "1,2";
				TEST_TARGET_NAME = PDBarrage;
			};
			name = Release;
		};
/* End XCBuildConfiguration section */

/* Begin XCConfigurationList section */
		ECC8F2FD203FC14D00D7C1CA /* Build configuration list for PBXProject "PDBarrage" */ = {
			isa = XCConfigurationList;
			buildConfigurations = (
				ECC8F32C203FC14D00D7C1CA /* Debug */,
				ECC8F32D203FC14D00D7C1CA /* Release */,
			);
			defaultConfigurationIsVisible = 0;
			defaultConfigurationName = Release;
		};
		ECC8F32E203FC14D00D7C1CA /* Build configuration list for PBXNativeTarget "PDBarrage" */ = {
			isa = XCConfigurationList;
			buildConfigurations = (
				ECC8F32F203FC14D00D7C1CA /* Debug */,
				ECC8F330203FC14D00D7C1CA /* Release */,
			);
			defaultConfigurationIsVisible = 0;
			defaultConfigurationName = Release;
		};
		ECC8F331203FC14D00D7C1CA /* Build configuration list for PBXNativeTarget "PDBarrageTests" */ = {
			isa = XCConfigurationList;
			buildConfigurations = (
				ECC8F332203FC14D00D7C1CA /* Debug */,
				ECC8F333203FC14D00D7C1CA /* Release */,
			);
			defaultConfigurationIsVisible = 0;
			defaultConfigurationName = Release;
		};
		ECC8F334203FC14D00D7C1CA /* Build configuration list for PBXNativeTarget "PDBarrageUITests" */ = {
			isa = XCConfigurationList;
			buildConfigurations = (
				ECC8F335203FC14D00D7C1CA /* Debug */,
				ECC8F336203FC14D00D7C1CA /* Release */,
			);
			defaultConfigurationIsVisible = 0;
			defaultConfigurationName = Release;
		};
/* End XCConfigurationList section */
	};
	rootObject = ECC8F2FA203FC14D00D7C1CA /* Project object */;
}
